{
  "name": "conditional-rendering-app",
  "version": "0.1.0",
  "lockfileVersion": 2,
  "requires": true,
  "packages": {
    "": {
      "name": "conditional-rendering-app",
      "version": "0.1.0",
      "dependencies": {
        "react": "^18.2.0",
        "react-dom": "^18.2.0",
        "react-scripts": "5.0.1"
      }
    },
    "node_modules/react": {
      "version": "18.2.0",
      "resolved": "https://registry.npmjs.org/react/-/react-18.2.0.tgz",
      "integrity": "sha512-qxKnZtCZE4uCk5B3BDyRaIYgBvd4wZLrHupJ12/wzXWm2wI4nqER3tTjk6xwwgWbmja6u+tf5JWIBRSBunhuw==",
      "requires": {
        "loose-envify": "^1.1.0"
      }
    },
    "node_modules/react-dom": {
      "version": "18.2.0",
      "resolved": "https://registry.npmjs.org/react-dom/-/react-dom-18.2.0.tgz",
      "integrity": "sha512-t3H4MeDphXOjpzT1kODqaRYYxHwB/Z0W9ZXL9gJGR8g5O6IFB/BxD4Mx4+bA5+9AYq4s9Qa3lPAMo4jJixTxGw==",
      "requires": {
        "loose-envify": "^1.1.0",
        "scheduler": "^0.23.0"
      }
    },
    "node_modules/react-scripts": {
      "version": "5.0.1",
      "resolved": "https://registry.npmjs.org/react-scripts/-/react-scripts-5.0.1.tgz",
      "integrity": "sha512-MBQ4lMHT25Cae1ng8sFqP7wF8LgSyH2D47DJDCOYvcbPHzRwbG6XMjZJlDeX6g7XP4ncm+ozxGDE4A6iU5b9pA==",
      "requires": {
        "@babel/core": "^7.15.0",
        "@svgr/webpack": "^5.5.0",
        "babel-jest": "^27.4.5",
        "babel-loader": "^8.2.2",
        "babel-preset-react-app": "^10.0.0",
        "bfj": "^7.0.2",
        "browserslist": "^4.17.0",
        "camelcase": "^6.2.0",
        "case-sensitive-paths-webpack-plugin": "^2.4.0",
        "css-loader": "^6.5.1",
        "dotenv": "^10.0.0",
        "dotenv-expand": "^5.1.0",
        "eslint": "^7.32.0",
        "eslint-config-react-app": "^7.0.1",
        "eslint-webpack-plugin": "^3.0.1",
        "file-loader": "^6.2.0",
        "fs-extra": "^10.0.0",
        "html-webpack-plugin": "^5.5.0",
        "jest": "^27.4.5",
        "jest-resolve": "^27.4.5",
        "mini-css-extract-plugin": "^2.4.5",
        "postcss": "^8.3.11",
        "postcss-flexbugs-fixes": "^5.0.2",
        "postcss-loader": "^6.2.1",
        "postcss-normalize": "^10.0.1",
        "postcss-preset-env": "^7.0.1",
        "prompts": "^2.4.1",
        "react-dev-utils": "^12.0.1",
        "resolve": "^1.20.0",
        "sass": "^1.43.4",
        "sass-loader": "^12.3.0",
        "semver": "^7.3.5",
        "style-loader": "^3.3.1",
        "terser-webpack-plugin": "^5.2.5",
        "ts-pnp": "^1.2.0",
        "url-loader": "^4.1.1",
        "webpack": "^5.58.2",
        "webpack-dev-server": "^4.4.0",
        "webpack-manifest-plugin": "^4.0.2",
        "workbox-webpack-plugin": "^6.4.2"
      }
    }
  }
}
